
Microsoft Visual Studio Solution File, Format Version 12.00
# Visual Studio 2012
Project("{FAE04EC0-301F-11D3-BF4B-00C04F79EFBC}") = "Backload__Example10", "Example10\Backload__Example10.csproj", "{0E7C07B3-B70C-4B9F-A55D-1423E09AF8FA}"
	ProjectSection(ProjectDependencies) = postProject
		{3206DB3E-5F63-4DD0-B60A-E3F86A4F2B33} = {3206DB3E-5F63-4DD0-B60A-E3F86A4F2B33}
	EndProjectSection
EndProject
Project("{FAE04EC0-301F-11D3-BF4B-00C04F79EFBC}") = "Backload.Extension.Contoso", "Example10\Backload.Extension.Contoso\Backload.Extension.Contoso.csproj", "{3206DB3E-5F63-4DD0-B60A-E3F86A4F2B33}"
EndProject
Global
	GlobalSection(SolutionConfigurationPlatforms) = preSolution
		Debug|Any CPU = Debug|Any CPU
		Release|Any CPU = Release|Any CPU
	EndGlobalSection
	GlobalSection(ProjectConfigurationPlatforms) = postSolution
		{0E7C07B3-B70C-4B9F-A55D-1423E09AF8FA}.Debug|Any CPU.ActiveCfg = Debug|Any CPU
		{0E7C07B3-B70C-4B9F-A55D-1423E09AF8FA}.Debug|Any CPU.Build.0 = Debug|Any CPU
		{0E7C07B3-B70C-4B9F-A55D-1423E09AF8FA}.Release|Any CPU.ActiveCfg = Release|Any CPU
		{0E7C07B3-B70C-4B9F-A55D-1423E09AF8FA}.Release|Any CPU.Build.0 = Release|Any CPU
		{3206DB3E-5F63-4DD0-B60A-E3F86A4F2B33}.Debug|Any CPU.ActiveCfg = Debug|Any CPU
		{3206DB3E-5F63-4DD0-B60A-E3F86A4F2B33}.Debug|Any CPU.Build.0 = Debug|Any CPU
		{3206DB3E-5F63-4DD0-B60A-E3F86A4F2B33}.Release|Any CPU.ActiveCfg = Release|Any CPU
		{3206DB3E-5F63-4DD0-B60A-E3F86A4F2B33}.Release|Any CPU.Build.0 = Release|Any CPU
	EndGlobalSection
	GlobalSection(SolutionProperties) = preSolution
		HideSolutionNode = FALSE
	EndGlobalSection
EndGlobal
