
Microsoft Visual Studio Solution File, Format Version 12.00
# Visual Studio 2012
Project("{FAE04EC0-301F-11D3-BF4B-00C04F79EFBC}") = "Backload__Example08", "Example08\Backload__Example08.csproj", "{0E7C07B3-B70C-4B9F-A55D-1423E09AF8FA}"
	ProjectSection(ProjectDependencies) = postProject
		{E15B92C9-E31A-4471-8BB3-227D33A3D3D1} = {E15B92C9-E31A-4471-8BB3-227D33A3D3D1}
		{A72F30CC-6D2F-45D2-8817-6A8493F7B97F} = {A72F30CC-6D2F-45D2-8817-6A8493F7B97F}
	EndProjectSection
EndProject
Project("{FAE04EC0-301F-11D3-BF4B-00C04F79EFBC}") = "DataLayer", "Example08\DataLayer\DataLayer.csproj", "{EC4F6996-C078-4FF1-9841-6DBEFB897B09}"
EndProject
Project("{FAE04EC0-301F-11D3-BF4B-00C04F79EFBC}") = "Backload.Extension.Contoso.VeryBadRequest", "Example08\Backload.Extension.Contoso.BadRequest\Backload.Extension.Contoso.VeryBadRequest.csproj", "{E15B92C9-E31A-4471-8BB3-227D33A3D3D1}"
EndProject
Project("{FAE04EC0-301F-11D3-BF4B-00C04F79EFBC}") = "Backload.Extension.Contoso.MutilipleExt", "Example08\Backload.Extension.Contoso.MultipleExt\Backload.Extension.Contoso.MutilipleExt.csproj", "{A72F30CC-6D2F-45D2-8817-6A8493F7B97F}"
EndProject
Global
	GlobalSection(SolutionConfigurationPlatforms) = preSolution
		Debug_Pro|Any CPU = Debug_Pro|Any CPU
		Debug|Any CPU = Debug|Any CPU
		Release_Pro|Any CPU = Release_Pro|Any CPU
		Release|Any CPU = Release|Any CPU
	EndGlobalSection
	GlobalSection(ProjectConfigurationPlatforms) = postSolution
		{0E7C07B3-B70C-4B9F-A55D-1423E09AF8FA}.Debug_Pro|Any CPU.ActiveCfg = Debug_Pro|Any CPU
		{0E7C07B3-B70C-4B9F-A55D-1423E09AF8FA}.Debug_Pro|Any CPU.Build.0 = Debug_Pro|Any CPU
		{0E7C07B3-B70C-4B9F-A55D-1423E09AF8FA}.Debug|Any CPU.ActiveCfg = Debug|Any CPU
		{0E7C07B3-B70C-4B9F-A55D-1423E09AF8FA}.Debug|Any CPU.Build.0 = Debug|Any CPU
		{0E7C07B3-B70C-4B9F-A55D-1423E09AF8FA}.Release_Pro|Any CPU.ActiveCfg = Release_Pro|Any CPU
		{0E7C07B3-B70C-4B9F-A55D-1423E09AF8FA}.Release_Pro|Any CPU.Build.0 = Release_Pro|Any CPU
		{0E7C07B3-B70C-4B9F-A55D-1423E09AF8FA}.Release|Any CPU.ActiveCfg = Release|Any CPU
		{0E7C07B3-B70C-4B9F-A55D-1423E09AF8FA}.Release|Any CPU.Build.0 = Release|Any CPU
		{EC4F6996-C078-4FF1-9841-6DBEFB897B09}.Debug_Pro|Any CPU.ActiveCfg = Debug|Any CPU
		{EC4F6996-C078-4FF1-9841-6DBEFB897B09}.Debug_Pro|Any CPU.Build.0 = Debug|Any CPU
		{EC4F6996-C078-4FF1-9841-6DBEFB897B09}.Debug|Any CPU.ActiveCfg = Debug|Any CPU
		{EC4F6996-C078-4FF1-9841-6DBEFB897B09}.Debug|Any CPU.Build.0 = Debug|Any CPU
		{EC4F6996-C078-4FF1-9841-6DBEFB897B09}.Release_Pro|Any CPU.ActiveCfg = Release|Any CPU
		{EC4F6996-C078-4FF1-9841-6DBEFB897B09}.Release_Pro|Any CPU.Build.0 = Release|Any CPU
		{EC4F6996-C078-4FF1-9841-6DBEFB897B09}.Release|Any CPU.ActiveCfg = Release|Any CPU
		{EC4F6996-C078-4FF1-9841-6DBEFB897B09}.Release|Any CPU.Build.0 = Release|Any CPU
		{E15B92C9-E31A-4471-8BB3-227D33A3D3D1}.Debug_Pro|Any CPU.ActiveCfg = Debug|Any CPU
		{E15B92C9-E31A-4471-8BB3-227D33A3D3D1}.Debug_Pro|Any CPU.Build.0 = Debug|Any CPU
		{E15B92C9-E31A-4471-8BB3-227D33A3D3D1}.Debug|Any CPU.ActiveCfg = Debug|Any CPU
		{E15B92C9-E31A-4471-8BB3-227D33A3D3D1}.Debug|Any CPU.Build.0 = Debug|Any CPU
		{E15B92C9-E31A-4471-8BB3-227D33A3D3D1}.Release_Pro|Any CPU.ActiveCfg = Release|Any CPU
		{E15B92C9-E31A-4471-8BB3-227D33A3D3D1}.Release_Pro|Any CPU.Build.0 = Release|Any CPU
		{E15B92C9-E31A-4471-8BB3-227D33A3D3D1}.Release|Any CPU.ActiveCfg = Release|Any CPU
		{E15B92C9-E31A-4471-8BB3-227D33A3D3D1}.Release|Any CPU.Build.0 = Release|Any CPU
		{A72F30CC-6D2F-45D2-8817-6A8493F7B97F}.Debug_Pro|Any CPU.ActiveCfg = Debug|Any CPU
		{A72F30CC-6D2F-45D2-8817-6A8493F7B97F}.Debug_Pro|Any CPU.Build.0 = Debug|Any CPU
		{A72F30CC-6D2F-45D2-8817-6A8493F7B97F}.Debug|Any CPU.ActiveCfg = Debug|Any CPU
		{A72F30CC-6D2F-45D2-8817-6A8493F7B97F}.Debug|Any CPU.Build.0 = Debug|Any CPU
		{A72F30CC-6D2F-45D2-8817-6A8493F7B97F}.Release_Pro|Any CPU.ActiveCfg = Release|Any CPU
		{A72F30CC-6D2F-45D2-8817-6A8493F7B97F}.Release_Pro|Any CPU.Build.0 = Release|Any CPU
		{A72F30CC-6D2F-45D2-8817-6A8493F7B97F}.Release|Any CPU.ActiveCfg = Release|Any CPU
		{A72F30CC-6D2F-45D2-8817-6A8493F7B97F}.Release|Any CPU.Build.0 = Release|Any CPU
	EndGlobalSection
	GlobalSection(SolutionProperties) = preSolution
		HideSolutionNode = FALSE
	EndGlobalSection
EndGlobal
