
Microsoft Visual Studio Solution File, Format Version 12.00
# Visual Studio 2012
Project("{FAE04EC0-301F-11D3-BF4B-00C04F79EFBC}") = "Backload__Example13", "Example13\Backload__Example13.csproj", "{0E7C07B3-B70C-4B9F-A55D-1423E09AF8FA}"
EndProject
Project("{FAE04EC0-301F-11D3-BF4B-00C04F79EFBC}") = "Ukadc.Diagnostics", "Example13\Ukadc.Diagnostics\Ukadc.Diagnostics\Ukadc.Diagnostics.csproj", "{091DA3B6-0460-4EAE-8798-3576129A98CB}"
EndProject
Project("{FAE04EC0-301F-11D3-BF4B-00C04F79EFBC}") = "Backload", "..\..\Backload\Backload\Backload.csproj", "{46D34E8B-DC5E-47E6-A749-8BEDFE209EDE}"
EndProject
Project("{FAE04EC0-301F-11D3-BF4B-00C04F79EFBC}") = "Backload.Contracts", "..\..\Backload.Contracts\Backload.Contracts.csproj", "{4131A0E2-62E4-4922-A375-C16F5CF9F989}"
EndProject
Global
	GlobalSection(SolutionConfigurationPlatforms) = preSolution
		Debug_Pro|Any CPU = Debug_Pro|Any CPU
		Debug|Any CPU = Debug|Any CPU
		Release_Pro|Any CPU = Release_Pro|Any CPU
		Release|Any CPU = Release|Any CPU
	EndGlobalSection
	GlobalSection(ProjectConfigurationPlatforms) = postSolution
		{0E7C07B3-B70C-4B9F-A55D-1423E09AF8FA}.Debug_Pro|Any CPU.ActiveCfg = Debug_Pro|Any CPU
		{0E7C07B3-B70C-4B9F-A55D-1423E09AF8FA}.Debug_Pro|Any CPU.Build.0 = Debug_Pro|Any CPU
		{0E7C07B3-B70C-4B9F-A55D-1423E09AF8FA}.Debug|Any CPU.ActiveCfg = Debug|Any CPU
		{0E7C07B3-B70C-4B9F-A55D-1423E09AF8FA}.Debug|Any CPU.Build.0 = Debug|Any CPU
		{0E7C07B3-B70C-4B9F-A55D-1423E09AF8FA}.Release_Pro|Any CPU.ActiveCfg = Release_Pro|Any CPU
		{0E7C07B3-B70C-4B9F-A55D-1423E09AF8FA}.Release_Pro|Any CPU.Build.0 = Release_Pro|Any CPU
		{0E7C07B3-B70C-4B9F-A55D-1423E09AF8FA}.Release|Any CPU.ActiveCfg = Release|Any CPU
		{0E7C07B3-B70C-4B9F-A55D-1423E09AF8FA}.Release|Any CPU.Build.0 = Release|Any CPU
		{091DA3B6-0460-4EAE-8798-3576129A98CB}.Debug_Pro|Any CPU.ActiveCfg = Debug|Any CPU
		{091DA3B6-0460-4EAE-8798-3576129A98CB}.Debug_Pro|Any CPU.Build.0 = Debug|Any CPU
		{091DA3B6-0460-4EAE-8798-3576129A98CB}.Debug|Any CPU.ActiveCfg = Debug|Any CPU
		{091DA3B6-0460-4EAE-8798-3576129A98CB}.Debug|Any CPU.Build.0 = Debug|Any CPU
		{091DA3B6-0460-4EAE-8798-3576129A98CB}.Release_Pro|Any CPU.ActiveCfg = Release|Any CPU
		{091DA3B6-0460-4EAE-8798-3576129A98CB}.Release_Pro|Any CPU.Build.0 = Release|Any CPU
		{091DA3B6-0460-4EAE-8798-3576129A98CB}.Release|Any CPU.ActiveCfg = Release|Any CPU
		{091DA3B6-0460-4EAE-8798-3576129A98CB}.Release|Any CPU.Build.0 = Release|Any CPU
		{46D34E8B-DC5E-47E6-A749-8BEDFE209EDE}.Debug_Pro|Any CPU.ActiveCfg = Debug_Pro|Any CPU
		{46D34E8B-DC5E-47E6-A749-8BEDFE209EDE}.Debug_Pro|Any CPU.Build.0 = Debug_Pro|Any CPU
		{46D34E8B-DC5E-47E6-A749-8BEDFE209EDE}.Debug|Any CPU.ActiveCfg = Debug|Any CPU
		{46D34E8B-DC5E-47E6-A749-8BEDFE209EDE}.Debug|Any CPU.Build.0 = Debug|Any CPU
		{46D34E8B-DC5E-47E6-A749-8BEDFE209EDE}.Release_Pro|Any CPU.ActiveCfg = Release_Pro|Any CPU
		{46D34E8B-DC5E-47E6-A749-8BEDFE209EDE}.Release_Pro|Any CPU.Build.0 = Release_Pro|Any CPU
		{46D34E8B-DC5E-47E6-A749-8BEDFE209EDE}.Release|Any CPU.ActiveCfg = Release|Any CPU
		{46D34E8B-DC5E-47E6-A749-8BEDFE209EDE}.Release|Any CPU.Build.0 = Release|Any CPU
		{4131A0E2-62E4-4922-A375-C16F5CF9F989}.Debug_Pro|Any CPU.ActiveCfg = Debug|Any CPU
		{4131A0E2-62E4-4922-A375-C16F5CF9F989}.Debug_Pro|Any CPU.Build.0 = Debug|Any CPU
		{4131A0E2-62E4-4922-A375-C16F5CF9F989}.Debug|Any CPU.ActiveCfg = Debug|Any CPU
		{4131A0E2-62E4-4922-A375-C16F5CF9F989}.Debug|Any CPU.Build.0 = Debug|Any CPU
		{4131A0E2-62E4-4922-A375-C16F5CF9F989}.Release_Pro|Any CPU.ActiveCfg = Release|Any CPU
		{4131A0E2-62E4-4922-A375-C16F5CF9F989}.Release_Pro|Any CPU.Build.0 = Release|Any CPU
		{4131A0E2-62E4-4922-A375-C16F5CF9F989}.Release|Any CPU.ActiveCfg = Release|Any CPU
		{4131A0E2-62E4-4922-A375-C16F5CF9F989}.Release|Any CPU.Build.0 = Release|Any CPU
	EndGlobalSection
	GlobalSection(SolutionProperties) = preSolution
		HideSolutionNode = FALSE
	EndGlobalSection
EndGlobal
