
Microsoft Visual Studio Solution File, Format Version 12.00
# Visual Studio 2012
Project("{FAE04EC0-301F-11D3-BF4B-00C04F79EFBC}") = "Backload", "..\..\Backload\Backload\Backload.csproj", "{46D34E8B-DC5E-47E6-A749-8BEDFE209EDE}"
EndProject
Project("{FAE04EC0-301F-11D3-BF4B-00C04F79EFBC}") = "Backload.Contracts", "..\..\Backload.Contracts\Backload.Contracts.csproj", "{4131A0E2-62E4-4922-A375-C16F5CF9F989}"
EndProject
Project("{FAE04EC0-301F-11D3-BF4B-00C04F79EFBC}") = "Backload__Example04", "_Test\Example04\Backload__Example04.csproj", "{0E7C07B3-B70C-4B9F-A55D-1423E09AF8FA}"
EndProject
Global
	GlobalSection(SolutionConfigurationPlatforms) = preSolution
		Debug|Any CPU = Debug|Any CPU
		Release|Any CPU = Release|Any CPU
	EndGlobalSection
	GlobalSection(ProjectConfigurationPlatforms) = postSolution
		{46D34E8B-DC5E-47E6-A749-8BEDFE209EDE}.Debug|Any CPU.ActiveCfg = Debug|Any CPU
		{46D34E8B-DC5E-47E6-A749-8BEDFE209EDE}.Debug|Any CPU.Build.0 = Debug|Any CPU
		{46D34E8B-DC5E-47E6-A749-8BEDFE209EDE}.Release|Any CPU.ActiveCfg = Release|Any CPU
		{46D34E8B-DC5E-47E6-A749-8BEDFE209EDE}.Release|Any CPU.Build.0 = Release|Any CPU
		{4131A0E2-62E4-4922-A375-C16F5CF9F989}.Debug|Any CPU.ActiveCfg = Debug|Any CPU
		{4131A0E2-62E4-4922-A375-C16F5CF9F989}.Debug|Any CPU.Build.0 = Debug|Any CPU
		{4131A0E2-62E4-4922-A375-C16F5CF9F989}.Release|Any CPU.ActiveCfg = Release|Any CPU
		{4131A0E2-62E4-4922-A375-C16F5CF9F989}.Release|Any CPU.Build.0 = Release|Any CPU
		{0E7C07B3-B70C-4B9F-A55D-1423E09AF8FA}.Debug|Any CPU.ActiveCfg = Debug|Any CPU
		{0E7C07B3-B70C-4B9F-A55D-1423E09AF8FA}.Debug|Any CPU.Build.0 = Debug|Any CPU
		{0E7C07B3-B70C-4B9F-A55D-1423E09AF8FA}.Release|Any CPU.ActiveCfg = Release|Any CPU
		{0E7C07B3-B70C-4B9F-A55D-1423E09AF8FA}.Release|Any CPU.Build.0 = Release|Any CPU
	EndGlobalSection
	GlobalSection(SolutionProperties) = preSolution
		HideSolutionNode = FALSE
	EndGlobalSection
EndGlobal
