
Microsoft Visual Studio Solution File, Format Version 12.00
# Visual Studio 2012
Project("{FAE04EC0-301F-11D3-BF4B-00C04F79EFBC}") = "Demos_by_bluimp", "Demos_by_bluimp\Demos_by_bluimp.csproj", "{F093A3AA-766E-44ED-8C76-5993C93E6F6F}"
EndProject
Global
	GlobalSection(SolutionConfigurationPlatforms) = preSolution
		Debug|Any CPU = Debug|Any CPU
		Release|Any CPU = Release|Any CPU
	EndGlobalSection
	GlobalSection(ProjectConfigurationPlatforms) = postSolution
		{F093A3AA-766E-44ED-8C76-5993C93E6F6F}.Debug|Any CPU.ActiveCfg = Debug|Any CPU
		{F093A3AA-766E-44ED-8C76-5993C93E6F6F}.Debug|Any CPU.Build.0 = Debug|Any CPU
		{F093A3AA-766E-44ED-8C76-5993C93E6F6F}.Release|Any CPU.ActiveCfg = Release|Any CPU
		{F093A3AA-766E-44ED-8C76-5993C93E6F6F}.Release|Any CPU.Build.0 = Release|Any CPU
	EndGlobalSection
	GlobalSection(SolutionProperties) = preSolution
		HideSolutionNode = FALSE
	EndGlobalSection
EndGlobal
